// !$*UTF8*$!
{
	archiveVersion = 1;
	classes = {
	};
	objectVersion = 77;
	objects = {

/* Begin PBXBuildFile section */
		BF4907D92F3538A900C4314B /* NetworkManagerKey.swift in Sources */ = {isa = PBXBuildFile; fileRef = BF4907D82F3538A900C4314B /* NetworkManagerKey.swift */; };
		BFB548B12F33FF5A00659DE4 /* Assets.xcassets in Resources */ = {isa = PBXBuildFile; fileRef = BFB548AD2F33FF5A00659DE4 /* Assets.xcassets */; };
		BFB548B22F33FF5A00659DE4 /* ContentView.swift in Sources */ = {isa = PBXBuildFile; fileRef = BFB548AE2F33FF5A00659DE4 /* ContentView.swift */; };
		BFB548B32F33FF5A00659DE4 /* ModernSafeNeworkingApp.swift in Sources */ = {isa = PBXBuildFile; fileRef = BFB548AF2F33FF5A00659DE4 /* ModernSafeNeworkingApp.swift */; };
		BFB548C42F3401D100659DE4 /* EndPoints.swift in Sources */ = {isa = PBXBuildFile; fileRef = BFB548C32F3401CD00659DE4 /* EndPoints.swift */; };
		BFB548C62F3401D900659DE4 /* HttpMethods.swift in Sources */ = {isa = PBXBuildFile; fileRef = BFB548C52F3401D500659DE4 /* HttpMethods.swift */; };
		BFB548C82F3401DF00659DE4 /* HttpResponseCodes.swift in Sources */ = {isa = PBXBuildFile; fileRef = BFB548C72F3401DB00659DE4 /* HttpResponseCodes.swift */; };
		BFB548CC2F34036300659DE4 /* News.swift in Sources */ = {isa = PBXBuildFile; fileRef = BFB548CB2F34036000659DE4 /* News.swift */; };
		BFB548CE2F3403A000659DE4 /* Message.swift in Sources */ = {isa = PBXBuildFile; fileRef = BFB548CD2F34039E00659DE4 /* Message.swift */; };
		BFB548D02F3407C900659DE4 /* AppEnvironment.swift in Sources */ = {isa = PBXBuildFile; fileRef = BFB548CF2F3407C500659DE4 /* AppEnvironment.swift */; };
		BFB548D22F34089200659DE4 /* NetworkManager.swift in Sources */ = {isa = PBXBuildFile; fileRef = BFB548D12F34088D00659DE4 /* NetworkManager.swift */; };
/* End PBXBuildFile section */

/* Begin PBXFileReference section */
		BF4907D82F3538A900C4314B /* NetworkManagerKey.swift */ = {isa = PBXFileReference; lastKnownFileType = sourcecode.swift; path = NetworkManagerKey.swift; sourceTree = "<group>"; };
		BFB5489F2F33FF4200659DE4 /* ModernSafeNeworking.app */ = {isa = PBXFileReference; explicitFileType = wrapper.application; includeInIndex = 0; path = ModernSafeNeworking.app; sourceTree = BUILT_PRODUCTS_DIR; };
		BFB548AD2F33FF5A00659DE4 /* Assets.xcassets */ = {isa = PBXFileReference; lastKnownFileType = folder.assetcatalog; path = Assets.xcassets; sourceTree = "<group>"; };
		BFB548AE2F33FF5A00659DE4 /* ContentView.swift */ = {isa = PBXFileReference; lastKnownFileType = sourcecode.swift; path = ContentView.swift; sourceTree = "<group>"; };
		BFB548AF2F33FF5A00659DE4 /* ModernSafeNeworkingApp.swift */ = {isa = PBXFileReference; lastKnownFileType = sourcecode.swift; path = ModernSafeNeworkingApp.swift; sourceTree = "<group>"; };
		BFB548C32F3401CD00659DE4 /* EndPoints.swift */ = {isa = PBXFileReference; lastKnownFileType = sourcecode.swift; path = EndPoints.swift; sourceTree = "<group>"; };
		BFB548C52F3401D500659DE4 /* HttpMethods.swift */ = {isa = PBXFileReference; lastKnownFileType = sourcecode.swift; path = HttpMethods.swift; sourceTree = "<group>"; };
		BFB548C72F3401DB00659DE4 /* HttpResponseCodes.swift */ = {isa = PBXFileReference; lastKnownFileType = sourcecode.swift; path = HttpResponseCodes.swift; sourceTree = "<group>"; };
		BFB548CB2F34036000659DE4 /* News.swift */ = {isa = PBXFileReference; lastKnownFileType = sourcecode.swift; path = News.swift; sourceTree = "<group>"; };
		BFB548CD2F34039E00659DE4 /* Message.swift */ = {isa = PBXFileReference; lastKnownFileType = sourcecode.swift; path = Message.swift; sourceTree = "<group>"; };
		BFB548CF2F3407C500659DE4 /* AppEnvironment.swift */ = {isa = PBXFileReference; lastKnownFileType = sourcecode.swift; path = AppEnvironment.swift; sourceTree = "<group>"; };
		BFB548D12F34088D00659DE4 /* NetworkManager.swift */ = {isa = PBXFileReference; lastKnownFileType = sourcecode.swift; path = NetworkManager.swift; sourceTree = "<group>"; };
/* End PBXFileReference section */

/* Begin PBXFrameworksBuildPhase section */
		BFB5489C2F33FF4200659DE4 /* Frameworks */ = {
			isa = PBXFrameworksBuildPhase;
			buildActionMask = 2147483647;
			files = (
			);
			runOnlyForDeploymentPostprocessing = 0;
		};
/* End PBXFrameworksBuildPhase section */

/* Begin PBXGroup section */
		BFB548962F33FF4200659DE4 = {
			isa = PBXGroup;
			children = (
				BFB548B02F33FF5A00659DE4 /* ModernSafeNeworking */,
				BFB548A02F33FF4200659DE4 /* Products */,
			);
			sourceTree = "<group>";
		};
		BFB548A02F33FF4200659DE4 /* Products */ = {
			isa = PBXGroup;
			children = (
				BFB5489F2F33FF4200659DE4 /* ModernSafeNeworking.app */,
			);
			name = Products;
			sourceTree = "<group>";
		};
		BFB548B02F33FF5A00659DE4 /* ModernSafeNeworking */ = {
			isa = PBXGroup;
			children = (
				BFB548B42F33FF6000659DE4 /* Shared */,
				BFB548AD2F33FF5A00659DE4 /* Assets.xcassets */,
				BFB548AE2F33FF5A00659DE4 /* ContentView.swift */,
				BFB548AF2F33FF5A00659DE4 /* ModernSafeNeworkingApp.swift */,
			);
			path = ModernSafeNeworking;
			sourceTree = "<group>";
		};
		BFB548B42F33FF6000659DE4 /* Shared */ = {
			isa = PBXGroup;
			children = (
				BFB548B72F33FF7600659DE4 /* Presentation */,
				BFB548B62F33FF7000659DE4 /* Domain */,
				BFB548B52F33FF6B00659DE4 /* Data */,
			);
			path = Shared;
			sourceTree = "<group>";
		};
		BFB548B52F33FF6B00659DE4 /* Data */ = {
			isa = PBXGroup;
			children = (
				BFB548B92F33FF9900659DE4 /* Repository */,
				BFB548B82F33FF8F00659DE4 /* BaseNetwork */,
			);
			path = Data;
			sourceTree = "<group>";
		};
		BFB548B62F33FF7000659DE4 /* Domain */ = {
			isa = PBXGroup;
			children = (
				BFB548BE2F33FFC800659DE4 /* Extensions */,
				BFB548BD2F33FFC200659DE4 /* UseCases */,
				BFB548BC2F33FFBC00659DE4 /* Tools */,
				BFB548BB2F33FFB500659DE4 /* Protocols */,
				BFB548BA2F33FFAC00659DE4 /* Entities */,
			);
			path = Domain;
			sourceTree = "<group>";
		};
		BFB548B72F33FF7600659DE4 /* Presentation */ = {
			isa = PBXGroup;
			children = (
				BFB548C22F33FFFB00659DE4 /* Tools */,
				BFB548C12F33FFE700659DE4 /* Onboarding */,
				BFB548C02F33FFE200659DE4 /* Features */,
				BFB548BF2F33FFDD00659DE4 /* App */,
			);
			path = Presentation;
			sourceTree = "<group>";
		};
		BFB548B82F33FF8F00659DE4 /* BaseNetwork */ = {
			isa = PBXGroup;
			children = (
				BF4907D82F3538A900C4314B /* NetworkManagerKey.swift */,
				BFB548D12F34088D00659DE4 /* NetworkManager.swift */,
				BFB548C72F3401DB00659DE4 /* HttpResponseCodes.swift */,
				BFB548C52F3401D500659DE4 /* HttpMethods.swift */,
				BFB548C32F3401CD00659DE4 /* EndPoints.swift */,
			);
			path = BaseNetwork;
			sourceTree = "<group>";
		};
		BFB548B92F33FF9900659DE4 /* Repository */ = {
			isa = PBXGroup;
			children = (
			);
			path = Repository;
			sourceTree = "<group>";
		};
		BFB548BA2F33FFAC00659DE4 /* Entities */ = {
			isa = PBXGroup;
			children = (
				BFB548CD2F34039E00659DE4 /* Message.swift */,
				BFB548CB2F34036000659DE4 /* News.swift */,
			);
			path = Entities;
			sourceTree = "<group>";
		};
		BFB548BB2F33FFB500659DE4 /* Protocols */ = {
			isa = PBXGroup;
			children = (
			);
			path = Protocols;
			sourceTree = "<group>";
		};
		BFB548BC2F33FFBC00659DE4 /* Tools */ = {
			isa = PBXGroup;
			children = (
				BFB548CF2F3407C500659DE4 /* AppEnvironment.swift */,
			);
			path = Tools;
			sourceTree = "<group>";
		};
		BFB548BD2F33FFC200659DE4 /* UseCases */ = {
			isa = PBXGroup;
			children = (
			);
			path = UseCases;
			sourceTree = "<group>";
		};
		BFB548BE2F33FFC800659DE4 /* Extensions */ = {
			isa = PBXGroup;
			children = (
			);
			path = Extensions;
			sourceTree = "<group>";
		};
		BFB548BF2F33FFDD00659DE4 /* App */ = {
			isa = PBXGroup;
			children = (
			);
			path = App;
			sourceTree = "<group>";
		};
		BFB548C02F33FFE200659DE4 /* Features */ = {
			isa = PBXGroup;
			children = (
			);
			path = Features;
			sourceTree = "<group>";
		};
		BFB548C12F33FFE700659DE4 /* Onboarding */ = {
			isa = PBXGroup;
			children = (
			);
			path = Onboarding;
			sourceTree = "<group>";
		};
		BFB548C22F33FFFB00659DE4 /* Tools */ = {
			isa = PBXGroup;
			children = (
			);
			path = Tools;
			sourceTree = "<group>";
		};
/* End PBXGroup section */

/* Begin PBXNativeTarget section */
		BFB5489E2F33FF4200659DE4 /* ModernSafeNeworking */ = {
			isa = PBXNativeTarget;
			buildConfigurationList = BFB548AA2F33FF4400659DE4 /* Build configuration list for PBXNativeTarget "ModernSafeNeworking" */;
			buildPhases = (
				BFB5489B2F33FF4200659DE4 /* Sources */,
				BFB5489C2F33FF4200659DE4 /* Frameworks */,
				BFB5489D2F33FF4200659DE4 /* Resources */,
			);
			buildRules = (
			);
			dependencies = (
			);
			name = ModernSafeNeworking;
			packageProductDependencies = (
			);
			productName = ModernSafeNeworking;
			productReference = BFB5489F2F33FF4200659DE4 /* ModernSafeNeworking.app */;
			productType = "com.apple.product-type.application";
		};
/* End PBXNativeTarget section */

/* Begin PBXProject section */
		BFB548972F33FF4200659DE4 /* Project object */ = {
			isa = PBXProject;
			attributes = {
				BuildIndependentTargetsInParallel = 1;
				LastSwiftUpdateCheck = 2620;
				LastUpgradeCheck = 2620;
				TargetAttributes = {
					BFB5489E2F33FF4200659DE4 = {
						CreatedOnToolsVersion = 26.2;
					};
				};
			};
			buildConfigurationList = BFB5489A2F33FF4200659DE4 /* Build configuration list for PBXProject "ModernSafeNeworking" */;
			developmentRegion = en;
			hasScannedForEncodings = 0;
			knownRegions = (
				en,
				Base,
			);
			mainGroup = BFB548962F33FF4200659DE4;
			minimizedProjectReferenceProxies = 1;
			preferredProjectObjectVersion = 77;
			productRefGroup = BFB548A02F33FF4200659DE4 /* Products */;
			projectDirPath = "";
			projectRoot = "";
			targets = (
				BFB5489E2F33FF4200659DE4 /* ModernSafeNeworking */,
			);
		};
/* End PBXProject section */

/* Begin PBXResourcesBuildPhase section */
		BFB5489D2F33FF4200659DE4 /* Resources */ = {
			isa = PBXResourcesBuildPhase;
			buildActionMask = 2147483647;
			files = (
				BFB548B12F33FF5A00659DE4 /* Assets.xcassets in Resources */,
			);
			runOnlyForDeploymentPostprocessing = 0;
		};
/* End PBXResourcesBuildPhase section */

/* Begin PBXSourcesBuildPhase section */
		BFB5489B2F33FF4200659DE4 /* Sources */ = {
			isa = PBXSourcesBuildPhase;
			buildActionMask = 2147483647;
			files = (
				BFB548D22F34089200659DE4 /* NetworkManager.swift in Sources */,
				BFB548CC2F34036300659DE4 /* News.swift in Sources */,
				BFB548C62F3401D900659DE4 /* HttpMethods.swift in Sources */,
				BFB548B22F33FF5A00659DE4 /* ContentView.swift in Sources */,
				BFB548D02F3407C900659DE4 /* AppEnvironment.swift in Sources */,
				BFB548C42F3401D100659DE4 /* EndPoints.swift in Sources */,
				BF4907D92F3538A900C4314B /* NetworkManagerKey.swift in Sources */,
				BFB548C82F3401DF00659DE4 /* HttpResponseCodes.swift in Sources */,
				BFB548B32F33FF5A00659DE4 /* ModernSafeNeworkingApp.swift in Sources */,
				BFB548CE2F3403A000659DE4 /* Message.swift in Sources */,
			);
			runOnlyForDeploymentPostprocessing = 0;
		};
/* End PBXSourcesBuildPhase section */

/* Begin XCBuildConfiguration section */
		BFB548A82F33FF4400659DE4 /* Debug */ = {
			isa = XCBuildConfiguration;
			buildSettings = {
				ALWAYS_SEARCH_USER_PATHS = NO;
				ASSETCATALOG_COMPILER_GENERATE_SWIFT_ASSET_SYMBOL_EXTENSIONS = YES;
				CLANG_ANALYZER_NONNULL = YES;
				CLANG_ANALYZER_NUMBER_OBJECT_CONVERSION = YES_AGGRESSIVE;
				CLANG_CXX_LANGUAGE_STANDARD = "gnu++20";
				CLANG_ENABLE_MODULES = YES;
				CLANG_ENABLE_OBJC_ARC = YES;
				CLANG_ENABLE_OBJC_WEAK = YES;
				CLANG_WARN_BLOCK_CAPTURE_AUTORELEASING = YES;
				CLANG_WARN_BOOL_CONVERSION = YES;
				CLANG_WARN_COMMA = YES;
				CLANG_WARN_CONSTANT_CONVERSION = YES;
				CLANG_WARN_DEPRECATED_OBJC_IMPLEMENTATIONS = YES;
				CLANG_WARN_DIRECT_OBJC_ISA_USAGE = YES_ERROR;
				CLANG_WARN_DOCUMENTATION_COMMENTS = YES;
				CLANG_WARN_EMPTY_BODY = YES;
				CLANG_WARN_ENUM_CONVERSION = YES;
				CLANG_WARN_INFINITE_RECURSION = YES;
				CLANG_WARN_INT_CONVERSION = YES;
				CLANG_WARN_NON_LITERAL_NULL_CONVERSION = YES;
				CLANG_WARN_OBJC_IMPLICIT_RETAIN_SELF = YES;
				CLANG_WARN_OBJC_LITERAL_CONVERSION = YES;
				CLANG_WARN_OBJC_ROOT_CLASS = YES_ERROR;
				CLANG_WARN_QUOTED_INCLUDE_IN_FRAMEWORK_HEADER = YES;
				CLANG_WARN_RANGE_LOOP_ANALYSIS = YES;
				CLANG_WARN_STRICT_PROTOTYPES = YES;
				CLANG_WARN_SUSPICIOUS_MOVE = YES;
				CLANG_WARN_UNGUARDED_AVAILABILITY = YES_AGGRESSIVE;
				CLANG_WARN_UNREACHABLE_CODE = YES;
				CLANG_WARN__DUPLICATE_METHOD_MATCH = YES;
				COPY_PHASE_STRIP = NO;
				DEBUG_INFORMATION_FORMAT = dwarf;
				DEVELOPMENT_TEAM = L5MH9KP95U;
				ENABLE_STRICT_OBJC_MSGSEND = YES;
				ENABLE_TESTABILITY = YES;
				ENABLE_USER_SCRIPT_SANDBOXING = YES;
				GCC_C_LANGUAGE_STANDARD = gnu17;
				GCC_DYNAMIC_NO_PIC = NO;
				GCC_NO_COMMON_BLOCKS = YES;
				GCC_OPTIMIZATION_LEVEL = 0;
				GCC_PREPROCESSOR_DEFINITIONS = (
					"DEBUG=1",
					"$(inherited)",
				);
				GCC_WARN_64_TO_32_BIT_CONVERSION = YES;
				GCC_WARN_ABOUT_RETURN_TYPE = YES_ERROR;
				GCC_WARN_UNDECLARED_SELECTOR = YES;
				GCC_WARN_UNINITIALIZED_AUTOS = YES_AGGRESSIVE;
				GCC_WARN_UNUSED_FUNCTION = YES;
				GCC_WARN_UNUSED_VARIABLE = YES;
				IPHONEOS_DEPLOYMENT_TARGET = 26.2;
				LOCALIZATION_PREFERS_STRING_CATALOGS = YES;
				MTL_ENABLE_DEBUG_INFO = INCLUDE_SOURCE;
				MTL_FAST_MATH = YES;
				ONLY_ACTIVE_ARCH = YES;
				SDKROOT = iphoneos;
				SWIFT_ACTIVE_COMPILATION_CONDITIONS = "DEBUG $(inherited)";
				SWIFT_OPTIMIZATION_LEVEL = "-Onone";
			};
			name = Debug;
		};
		BFB548A92F33FF4400659DE4 /* Release */ = {
			isa = XCBuildConfiguration;
			buildSettings = {
				ALWAYS_SEARCH_USER_PATHS = NO;
				ASSETCATALOG_COMPILER_GENERATE_SWIFT_ASSET_SYMBOL_EXTENSIONS = YES;
				CLANG_ANALYZER_NONNULL = YES;
				CLANG_ANALYZER_NUMBER_OBJECT_CONVERSION = YES_AGGRESSIVE;
				CLANG_CXX_LANGUAGE_STANDARD = "gnu++20";
				CLANG_ENABLE_MODULES = YES;
				CLANG_ENABLE_OBJC_ARC = YES;
				CLANG_ENABLE_OBJC_WEAK = YES;
				CLANG_WARN_BLOCK_CAPTURE_AUTORELEASING = YES;
				CLANG_WARN_BOOL_CONVERSION = YES;
				CLANG_WARN_COMMA = YES;
				CLANG_WARN_CONSTANT_CONVERSION = YES;
				CLANG_WARN_DEPRECATED_OBJC_IMPLEMENTATIONS = YES;
				CLANG_WARN_DIRECT_OBJC_ISA_USAGE = YES_ERROR;
				CLANG_WARN_DOCUMENTATION_COMMENTS = YES;
				CLANG_WARN_EMPTY_BODY = YES;
				CLANG_WARN_ENUM_CONVERSION = YES;
				CLANG_WARN_INFINITE_RECURSION = YES;
				CLANG_WARN_INT_CONVERSION = YES;
				CLANG_WARN_NON_LITERAL_NULL_CONVERSION = YES;
				CLANG_WARN_OBJC_IMPLICIT_RETAIN_SELF = YES;
				CLANG_WARN_OBJC_LITERAL_CONVERSION = YES;
				CLANG_WARN_OBJC_ROOT_CLASS = YES_ERROR;
				CLANG_WARN_QUOTED_INCLUDE_IN_FRAMEWORK_HEADER = YES;
				CLANG_WARN_RANGE_LOOP_ANALYSIS = YES;
				CLANG_WARN_STRICT_PROTOTYPES = YES;
				CLANG_WARN_SUSPICIOUS_MOVE = YES;
				CLANG_WARN_UNGUARDED_AVAILABILITY = YES_AGGRESSIVE;
				CLANG_WARN_UNREACHABLE_CODE = YES;
				CLANG_WARN__DUPLICATE_METHOD_MATCH = YES;
				COPY_PHASE_STRIP = NO;
				DEBUG_INFORMATION_FORMAT = "dwarf-with-dsym";
				DEVELOPMENT_TEAM = L5MH9KP95U;
				ENABLE_NS_ASSERTIONS = NO;
				ENABLE_STRICT_OBJC_MSGSEND = YES;
				ENABLE_USER_SCRIPT_SANDBOXING = YES;
				GCC_C_LANGUAGE_STANDARD = gnu17;
				GCC_NO_COMMON_BLOCKS = YES;
				GCC_WARN_64_TO_32_BIT_CONVERSION = YES;
				GCC_WARN_ABOUT_RETURN_TYPE = YES_ERROR;
				GCC_WARN_UNDECLARED_SELECTOR = YES;
				GCC_WARN_UNINITIALIZED_AUTOS = YES_AGGRESSIVE;
				GCC_WARN_UNUSED_FUNCTION = YES;
				GCC_WARN_UNUSED_VARIABLE = YES;
				IPHONEOS_DEPLOYMENT_TARGET = 26.2;
				LOCALIZATION_PREFERS_STRING_CATALOGS = YES;
				MTL_ENABLE_DEBUG_INFO = NO;
				MTL_FAST_MATH = YES;
				SDKROOT = iphoneos;
				SWIFT_COMPILATION_MODE = wholemodule;
				VALIDATE_PRODUCT = YES;
			};
			name = Release;
		};
		BFB548AB2F33FF4400659DE4 /* Debug */ = {
			isa = XCBuildConfiguration;
			buildSettings = {
				ASSETCATALOG_COMPILER_APPICON_NAME = AppIcon;
				ASSETCATALOG_COMPILER_GLOBAL_ACCENT_COLOR_NAME = AccentColor;
				CODE_SIGN_STYLE = Automatic;
				CURRENT_PROJECT_VERSION = 1;
				DEVELOPMENT_TEAM = L5MH9KP95U;
				ENABLE_PREVIEWS = YES;
				GENERATE_INFOPLIST_FILE = YES;
				INFOPLIST_KEY_UIApplicationSceneManifest_Generation = YES;
				INFOPLIST_KEY_UIApplicationSupportsIndirectInputEvents = YES;
				INFOPLIST_KEY_UILaunchScreen_Generation = YES;
				INFOPLIST_KEY_UISupportedInterfaceOrientations_iPad = "UIInterfaceOrientationPortrait UIInterfaceOrientationPortraitUpsideDown UIInterfaceOrientationLandscapeLeft UIInterfaceOrientationLandscapeRight";
				INFOPLIST_KEY_UISupportedInterfaceOrientations_iPhone = "UIInterfaceOrientationPortrait UIInterfaceOrientationLandscapeLeft UIInterfaceOrientationLandscapeRight";
				LD_RUNPATH_SEARCH_PATHS = (
					"$(inherited)",
					"@executable_path/Frameworks",
				);
				MARKETING_VERSION = 1.0;
				PRODUCT_BUNDLE_IDENTIFIER = com.ravecodesolutions.ModernSafeNeworking;
				PRODUCT_NAME = "$(TARGET_NAME)";
				STRING_CATALOG_GENERATE_SYMBOLS = YES;
				SWIFT_APPROACHABLE_CONCURRENCY = YES;
				SWIFT_DEFAULT_ACTOR_ISOLATION = MainActor;
				SWIFT_EMIT_LOC_STRINGS = YES;
				SWIFT_UPCOMING_FEATURE_MEMBER_IMPORT_VISIBILITY = YES;
				SWIFT_VERSION = 5.0;
				TARGETED_DEVICE_FAMILY = "1,2";
			};
			name = Debug;
		};
		BFB548AC2F33FF4400659DE4 /* Release */ = {
			isa = XCBuildConfiguration;
			buildSettings = {
				ASSETCATALOG_COMPILER_APPICON_NAME = AppIcon;
				ASSETCATALOG_COMPILER_GLOBAL_ACCENT_COLOR_NAME = AccentColor;
				CODE_SIGN_STYLE = Automatic;
				CURRENT_PROJECT_VERSION = 1;
				DEVELOPMENT_TEAM = L5MH9KP95U;
				ENABLE_PREVIEWS = YES;
				GENERATE_INFOPLIST_FILE = YES;
				INFOPLIST_KEY_UIApplicationSceneManifest_Generation = YES;
				INFOPLIST_KEY_UIApplicationSupportsIndirectInputEvents = YES;
				INFOPLIST_KEY_UILaunchScreen_Generation = YES;
				INFOPLIST_KEY_UISupportedInterfaceOrientations_iPad = "UIInterfaceOrientationPortrait UIInterfaceOrientationPortraitUpsideDown UIInterfaceOrientationLandscapeLeft UIInterfaceOrientationLandscapeRight";
				INFOPLIST_KEY_UISupportedInterfaceOrientations_iPhone = "UIInterfaceOrientationPortrait UIInterfaceOrientationLandscapeLeft UIInterfaceOrientationLandscapeRight";
				LD_RUNPATH_SEARCH_PATHS = (
					"$(inherited)",
					"@executable_path/Frameworks",
				);
				MARKETING_VERSION = 1.0;
				PRODUCT_BUNDLE_IDENTIFIER = com.ravecodesolutions.ModernSafeNeworking;
				PRODUCT_NAME = "$(TARGET_NAME)";
				STRING_CATALOG_GENERATE_SYMBOLS = YES;
				SWIFT_APPROACHABLE_CONCURRENCY = YES;
				SWIFT_DEFAULT_ACTOR_ISOLATION = MainActor;
				SWIFT_EMIT_LOC_STRINGS = YES;
				SWIFT_UPCOMING_FEATURE_MEMBER_IMPORT_VISIBILITY = YES;
				SWIFT_VERSION = 5.0;
				TARGETED_DEVICE_FAMILY = "1,2";
			};
			name = Release;
		};
/* End XCBuildConfiguration section */

/* Begin XCConfigurationList section */
		BFB5489A2F33FF4200659DE4 /* Build configuration list for PBXProject "ModernSafeNeworking" */ = {
			isa = XCConfigurationList;
			buildConfigurations = (
				BFB548A82F33FF4400659DE4 /* Debug */,
				BFB548A92F33FF4400659DE4 /* Release */,
			);
			defaultConfigurationIsVisible = 0;
			defaultConfigurationName = Release;
		};
		BFB548AA2F33FF4400659DE4 /* Build configuration list for PBXNativeTarget "ModernSafeNeworking" */ = {
			isa = XCConfigurationList;
			buildConfigurations = (
				BFB548AB2F33FF4400659DE4 /* Debug */,
				BFB548AC2F33FF4400659DE4 /* Release */,
			);
			defaultConfigurationIsVisible = 0;
			defaultConfigurationName = Release;
		};
/* End XCConfigurationList section */
	};
	rootObject = BFB548972F33FF4200659DE4 /* Project object */;
}
